github.com/ArcturusZhang/module-demo-test/services/aznet/mgmt/2019-10-01/aznet v1.0.2 h1:rxJlR/rjWW/KV9GKcRKwlNGzLeGwhZcUNeESe9gDQhk=
github.com/ArcturusZhang/module-demo-test/services/aznet/mgmt/2019-10-01/aznet v1.0.2/go.mod h1:udAsYqPUpkzTgAL9smpaxpuMv08A4KH3cdY2yqVOeQA=
github.com/ArcturusZhang/module-demo-test/services/bznet/mgmt/2019-11-01/bznet/v2 v2.0.0 h1:HY+4Au/FZkPLMyveERzHTHjEzR6gBhqZDvedsemSZfY=
github.com/ArcturusZhang/module-demo-test/services/bznet/mgmt/2019-11-01/bznet/v2 v2.0.0/go.mod h1:iGO/zd0uNcmYulOANjAysOv9yBJRCIwc/m5cbKkQavg=
